{
  "name": "capyend",
  "lockfileVersion": 3,
  "requires": true,
  "packages": {
    "": {
      "devDependencies": {
        "svelte-carousel": "^1.0.20"
      }
    },
    "node_modules/lodash.clonedeep": {
      "version": "4.5.0",
      "resolved": "https://registry.npmjs.org/lodash.clonedeep/-/lodash.clonedeep-4.5.0.tgz",
      "integrity": "sha512-H5ZhCF25riFd9uB5UCkVKo61m3S/xZk1x4wA6yp/L3RFP6Z/eHH1ymQcGLo7J3GMPfm0V/7m1tryHuGVxpqEBQ==",
      "dev": true
    },
    "node_modules/lodash.get": {
      "version": "4.4.2",
      "resolved": "https://registry.npmjs.org/lodash.get/-/lodash.get-4.4.2.tgz",
      "integrity": "sha512-z+Uw/vLuy6gQe8cfaFWD7p0wVv8fJl3mbzXh33RS+0oW2wvUqiRXiQ69gLWSLpgB5/6sU+r6BlQR0MBILadqTQ==",
      "dev": true
    },
    "node_modules/lodash.isequal": {
      "version": "4.5.0",
      "resolved": "https://registry.npmjs.org/lodash.isequal/-/lodash.isequal-4.5.0.tgz",
      "integrity": "sha512-pDo3lu8Jhfjqls6GkMgpahsF9kCyayhgykjyLMNFTKWrpVdAQtYyB4muAMWozBB4ig/dtWAmsMxLEI8wuz+DYQ==",
      "dev": true
    },
    "node_modules/simply-reactive": {
      "version": "1.0.0",
      "resolved": "git+ssh://git@github.com/vadimkorr/simply-reactive.git#f403097d695030306bdfd0f849411fd28ad7d474",
      "dev": true,
      "license": "Apache-2.0",
      "dependencies": {
        "lodash.clonedeep": "^4.5.0",
        "lodash.get": "^4.4.2",
        "lodash.isequal": "^4.5.0"
      }
    },
    "node_modules/svelte-carousel": {
      "version": "1.0.20",
      "resolved": "https://registry.npmjs.org/svelte-carousel/-/svelte-carousel-1.0.20.tgz",
      "integrity": "sha512-BP6LosKg1I8D741WmzS2/Q9bwu1DdMslGXUe8//kWeumXB87XSQChw62Vyo8yFtgKP287riYI3w3fSI+aU+gbA==",
      "dev": true,
      "dependencies": {
        "simply-reactive": "github:vadimkorr/simply-reactive#1.0.2"
      }
    }
  }
}
